
Microsoft Visual Studio Solution File, Format Version 12.00
# Visual Studio 14
VisualStudioVersion = 14.0.25420.1
MinimumVisualStudioVersion = 10.0.40219.1
Project("{FAE04EC0-301F-11D3-BF4B-00C04F79EFBC}") = "Employees.Presentation", "Employees.Presentation\Employees.Presentation.csproj", "{F8ACD869-0AF8-4FD2-A712-251E46C3DE03}"
EndProject
Project("{FAE04EC0-301F-11D3-BF4B-00C04F79EFBC}") = "Employees.Infrastructure", "Employees.Infrastructure\Employees.Infrastructure.csproj", "{40EB997D-05D6-459C-8E3F-D2D34EB6C5DB}"
EndProject
Project("{FAE04EC0-301F-11D3-BF4B-00C04F79EFBC}") = "Employees.Data", "Employees.Data\Employees.Data.csproj", "{170E4E92-BA75-4337-8860-CB6B5674F6E1}"
EndProject
Project("{FAE04EC0-301F-11D3-BF4B-00C04F79EFBC}") = "Employees.Domain", "Employees.Domain\Employees.Domain.csproj", "{CAA616AD-DBF4-46BD-AB3D-CC0000044AAA}"
EndProject
Global
	GlobalSection(SolutionConfigurationPlatforms) = preSolution
		Debug|Any CPU = Debug|Any CPU
		Release|Any CPU = Release|Any CPU
	EndGlobalSection
	GlobalSection(ProjectConfigurationPlatforms) = postSolution
		{F8ACD869-0AF8-4FD2-A712-251E46C3DE03}.Debug|Any CPU.ActiveCfg = Debug|Any CPU
		{F8ACD869-0AF8-4FD2-A712-251E46C3DE03}.Debug|Any CPU.Build.0 = Debug|Any CPU
		{F8ACD869-0AF8-4FD2-A712-251E46C3DE03}.Release|Any CPU.ActiveCfg = Release|Any CPU
		{F8ACD869-0AF8-4FD2-A712-251E46C3DE03}.Release|Any CPU.Build.0 = Release|Any CPU
		{40EB997D-05D6-459C-8E3F-D2D34EB6C5DB}.Debug|Any CPU.ActiveCfg = Debug|Any CPU
		{40EB997D-05D6-459C-8E3F-D2D34EB6C5DB}.Debug|Any CPU.Build.0 = Debug|Any CPU
		{40EB997D-05D6-459C-8E3F-D2D34EB6C5DB}.Release|Any CPU.ActiveCfg = Release|Any CPU
		{40EB997D-05D6-459C-8E3F-D2D34EB6C5DB}.Release|Any CPU.Build.0 = Release|Any CPU
		{170E4E92-BA75-4337-8860-CB6B5674F6E1}.Debug|Any CPU.ActiveCfg = Debug|Any CPU
		{170E4E92-BA75-4337-8860-CB6B5674F6E1}.Debug|Any CPU.Build.0 = Debug|Any CPU
		{170E4E92-BA75-4337-8860-CB6B5674F6E1}.Release|Any CPU.ActiveCfg = Release|Any CPU
		{170E4E92-BA75-4337-8860-CB6B5674F6E1}.Release|Any CPU.Build.0 = Release|Any CPU
		{CAA616AD-DBF4-46BD-AB3D-CC0000044AAA}.Debug|Any CPU.ActiveCfg = Debug|Any CPU
		{CAA616AD-DBF4-46BD-AB3D-CC0000044AAA}.Debug|Any CPU.Build.0 = Debug|Any CPU
		{CAA616AD-DBF4-46BD-AB3D-CC0000044AAA}.Release|Any CPU.ActiveCfg = Release|Any CPU
		{CAA616AD-DBF4-46BD-AB3D-CC0000044AAA}.Release|Any CPU.Build.0 = Release|Any CPU
	EndGlobalSection
	GlobalSection(SolutionProperties) = preSolution
		HideSolutionNode = FALSE
	EndGlobalSection
EndGlobal
